// !$*UTF8*$!
{
	archiveVersion = 1;
	classes = {
	};
	objectVersion = 50;
	objects = {

/* Begin PBXBuildFile section */
		4773E3112661916F005DCC31 /* CustomShape.swift in Sources */ = {isa = PBXBuildFile; fileRef = 4773E3102661916F005DCC31 /* CustomShape.swift */; };
		4773E31426619380005DCC31 /* RatingsSizesDetailView.swift in Sources */ = {isa = PBXBuildFile; fileRef = 4773E31326619380005DCC31 /* RatingsSizesDetailView.swift */; };
		47BB90A5265FE97A001C112E /* TouchdownApp.swift in Sources */ = {isa = PBXBuildFile; fileRef = 47BB90A4265FE97A001C112E /* TouchdownApp.swift */; };
		47BB90A7265FE97A001C112E /* ContentView.swift in Sources */ = {isa = PBXBuildFile; fileRef = 47BB90A6265FE97A001C112E /* ContentView.swift */; };
		47BB90A9265FE97A001C112E /* Assets.xcassets in Resources */ = {isa = PBXBuildFile; fileRef = 47BB90A8265FE97A001C112E /* Assets.xcassets */; };
		47BB90AC265FE97A001C112E /* Preview Assets.xcassets in Resources */ = {isa = PBXBuildFile; fileRef = 47BB90AB265FE97A001C112E /* Preview Assets.xcassets */; };
		47BB90B82660090D001C112E /* player.json in Resources */ = {isa = PBXBuildFile; fileRef = 47BB90B42660090D001C112E /* player.json */; };
		47BB90B92660090D001C112E /* category.json in Resources */ = {isa = PBXBuildFile; fileRef = 47BB90B52660090D001C112E /* category.json */; };
		47BB90BA2660090D001C112E /* product.json in Resources */ = {isa = PBXBuildFile; fileRef = 47BB90B62660090D001C112E /* product.json */; };
		47BB90BB2660090D001C112E /* brand.json in Resources */ = {isa = PBXBuildFile; fileRef = 47BB90B72660090D001C112E /* brand.json */; };
		47BB90C926600C07001C112E /* Constant.swift in Sources */ = {isa = PBXBuildFile; fileRef = 47BB90C826600C07001C112E /* Constant.swift */; };
		47BB90CD26600D54001C112E /* FooterView.swift in Sources */ = {isa = PBXBuildFile; fileRef = 47BB90CC26600D54001C112E /* FooterView.swift */; };
		47BB90D0266010C1001C112E /* NavigationBarView.swift in Sources */ = {isa = PBXBuildFile; fileRef = 47BB90CF266010C1001C112E /* NavigationBarView.swift */; };
		47BB90D32660162E001C112E /* LogoView.swift in Sources */ = {isa = PBXBuildFile; fileRef = 47BB90D22660162E001C112E /* LogoView.swift */; };
		47BB90D62660F6D1001C112E /* PlayerModel.swift in Sources */ = {isa = PBXBuildFile; fileRef = 47BB90D52660F6D1001C112E /* PlayerModel.swift */; };
		47BB90D92660F733001C112E /* CodableBundleExtension.swift in Sources */ = {isa = PBXBuildFile; fileRef = 47BB90D82660F733001C112E /* CodableBundleExtension.swift */; };
		47BB90DC2660F8B0001C112E /* FeaturedItemView.swift in Sources */ = {isa = PBXBuildFile; fileRef = 47BB90DB2660F8B0001C112E /* FeaturedItemView.swift */; };
		47BB90E02660F941001C112E /* FeaturedTabView.swift in Sources */ = {isa = PBXBuildFile; fileRef = 47BB90DF2660F941001C112E /* FeaturedTabView.swift */; };
		47BB90E4266131CA001C112E /* CategoryModel.swift in Sources */ = {isa = PBXBuildFile; fileRef = 47BB90E3266131CA001C112E /* CategoryModel.swift */; };
		47BB90E726613416001C112E /* CategoryItemView.swift in Sources */ = {isa = PBXBuildFile; fileRef = 47BB90E626613416001C112E /* CategoryItemView.swift */; };
		47BB90EA2661494F001C112E /* CategoryGridView.swift in Sources */ = {isa = PBXBuildFile; fileRef = 47BB90E92661494F001C112E /* CategoryGridView.swift */; };
		47BB90ED26614B0F001C112E /* SectionView.swift in Sources */ = {isa = PBXBuildFile; fileRef = 47BB90EC26614B0F001C112E /* SectionView.swift */; };
		47BB90F0266150C3001C112E /* TitleView.swift in Sources */ = {isa = PBXBuildFile; fileRef = 47BB90EF266150C3001C112E /* TitleView.swift */; };
		47BB90F3266151C6001C112E /* ProductModel.swift in Sources */ = {isa = PBXBuildFile; fileRef = 47BB90F2266151C6001C112E /* ProductModel.swift */; };
		47BB90F626615267001C112E /* ProductItemView.swift in Sources */ = {isa = PBXBuildFile; fileRef = 47BB90F526615267001C112E /* ProductItemView.swift */; };
		47BB90F926615CB7001C112E /* BrandModel.swift in Sources */ = {isa = PBXBuildFile; fileRef = 47BB90F826615CB7001C112E /* BrandModel.swift */; };
		47BB90FC26615D23001C112E /* BrandItemView.swift in Sources */ = {isa = PBXBuildFile; fileRef = 47BB90FB26615D23001C112E /* BrandItemView.swift */; };
		47BB90FF26615DEB001C112E /* BrandGridView.swift in Sources */ = {isa = PBXBuildFile; fileRef = 47BB90FE26615DEB001C112E /* BrandGridView.swift */; };
		47BB910326615FFA001C112E /* ProductDetailView.swift in Sources */ = {isa = PBXBuildFile; fileRef = 47BB910226615FFA001C112E /* ProductDetailView.swift */; };
		47BB91062661613D001C112E /* NavigationBarDetailView.swift in Sources */ = {isa = PBXBuildFile; fileRef = 47BB91052661613D001C112E /* NavigationBarDetailView.swift */; };
		47BB910926616247001C112E /* HeaderDetailView.swift in Sources */ = {isa = PBXBuildFile; fileRef = 47BB910826616247001C112E /* HeaderDetailView.swift */; };
		47BB910C266162DA001C112E /* TopPartDetailView.swift in Sources */ = {isa = PBXBuildFile; fileRef = 47BB910B266162DA001C112E /* TopPartDetailView.swift */; };
/* End PBXBuildFile section */

/* Begin PBXFileReference section */
		4773E3102661916F005DCC31 /* CustomShape.swift */ = {isa = PBXFileReference; lastKnownFileType = sourcecode.swift; path = CustomShape.swift; sourceTree = "<group>"; };
		4773E31326619380005DCC31 /* RatingsSizesDetailView.swift */ = {isa = PBXFileReference; lastKnownFileType = sourcecode.swift; path = RatingsSizesDetailView.swift; sourceTree = "<group>"; };
		47BB90A1265FE97A001C112E /* Touchdown.app */ = {isa = PBXFileReference; explicitFileType = wrapper.application; includeInIndex = 0; path = Touchdown.app; sourceTree = BUILT_PRODUCTS_DIR; };
		47BB90A4265FE97A001C112E /* TouchdownApp.swift */ = {isa = PBXFileReference; lastKnownFileType = sourcecode.swift; path = TouchdownApp.swift; sourceTree = "<group>"; };
		47BB90A6265FE97A001C112E /* ContentView.swift */ = {isa = PBXFileReference; lastKnownFileType = sourcecode.swift; path = ContentView.swift; sourceTree = "<group>"; };
		47BB90A8265FE97A001C112E /* Assets.xcassets */ = {isa = PBXFileReference; lastKnownFileType = folder.assetcatalog; path = Assets.xcassets; sourceTree = "<group>"; };
		47BB90AB265FE97A001C112E /* Preview Assets.xcassets */ = {isa = PBXFileReference; lastKnownFileType = folder.assetcatalog; path = "Preview Assets.xcassets"; sourceTree = "<group>"; };
		47BB90AD265FE97A001C112E /* Info.plist */ = {isa = PBXFileReference; lastKnownFileType = text.plist.xml; path = Info.plist; sourceTree = "<group>"; };
		47BB90B42660090D001C112E /* player.json */ = {isa = PBXFileReference; fileEncoding = 4; lastKnownFileType = text.json; path = player.json; sourceTree = "<group>"; };
		47BB90B52660090D001C112E /* category.json */ = {isa = PBXFileReference; fileEncoding = 4; lastKnownFileType = text.json; path = category.json; sourceTree = "<group>"; };
		47BB90B62660090D001C112E /* product.json */ = {isa = PBXFileReference; fileEncoding = 4; lastKnownFileType = text.json; path = product.json; sourceTree = "<group>"; };
		47BB90B72660090D001C112E /* brand.json */ = {isa = PBXFileReference; fileEncoding = 4; lastKnownFileType = text.json; path = brand.json; sourceTree = "<group>"; };
		47BB90C826600C07001C112E /* Constant.swift */ = {isa = PBXFileReference; lastKnownFileType = sourcecode.swift; path = Constant.swift; sourceTree = "<group>"; };
		47BB90CC26600D54001C112E /* FooterView.swift */ = {isa = PBXFileReference; lastKnownFileType = sourcecode.swift; path = FooterView.swift; sourceTree = "<group>"; };
		47BB90CF266010C1001C112E /* NavigationBarView.swift */ = {isa = PBXFileReference; lastKnownFileType = sourcecode.swift; path = NavigationBarView.swift; sourceTree = "<group>"; };
		47BB90D22660162E001C112E /* LogoView.swift */ = {isa = PBXFileReference; lastKnownFileType = sourcecode.swift; path = LogoView.swift; sourceTree = "<group>"; };
		47BB90D52660F6D1001C112E /* PlayerModel.swift */ = {isa = PBXFileReference; lastKnownFileType = sourcecode.swift; path = PlayerModel.swift; sourceTree = "<group>"; };
		47BB90D82660F733001C112E /* CodableBundleExtension.swift */ = {isa = PBXFileReference; lastKnownFileType = sourcecode.swift; path = CodableBundleExtension.swift; sourceTree = "<group>"; };
		47BB90DB2660F8B0001C112E /* FeaturedItemView.swift */ = {isa = PBXFileReference; lastKnownFileType = sourcecode.swift; path = FeaturedItemView.swift; sourceTree = "<group>"; };
		47BB90DF2660F941001C112E /* FeaturedTabView.swift */ = {isa = PBXFileReference; lastKnownFileType = sourcecode.swift; path = FeaturedTabView.swift; sourceTree = "<group>"; };
		47BB90E3266131CA001C112E /* CategoryModel.swift */ = {isa = PBXFileReference; lastKnownFileType = sourcecode.swift; path = CategoryModel.swift; sourceTree = "<group>"; };
		47BB90E626613416001C112E /* CategoryItemView.swift */ = {isa = PBXFileReference; lastKnownFileType = sourcecode.swift; path = CategoryItemView.swift; sourceTree = "<group>"; };
		47BB90E92661494F001C112E /* CategoryGridView.swift */ = {isa = PBXFileReference; lastKnownFileType = sourcecode.swift; path = CategoryGridView.swift; sourceTree = "<group>"; };
		47BB90EC26614B0F001C112E /* SectionView.swift */ = {isa = PBXFileReference; lastKnownFileType = sourcecode.swift; path = SectionView.swift; sourceTree = "<group>"; };
		47BB90EF266150C3001C112E /* TitleView.swift */ = {isa = PBXFileReference; lastKnownFileType = sourcecode.swift; path = TitleView.swift; sourceTree = "<group>"; };
		47BB90F2266151C6001C112E /* ProductModel.swift */ = {isa = PBXFileReference; lastKnownFileType = sourcecode.swift; path = ProductModel.swift; sourceTree = "<group>"; };
		47BB90F526615267001C112E /* ProductItemView.swift */ = {isa = PBXFileReference; lastKnownFileType = sourcecode.swift; path = ProductItemView.swift; sourceTree = "<group>"; };
		47BB90F826615CB7001C112E /* BrandModel.swift */ = {isa = PBXFileReference; lastKnownFileType = sourcecode.swift; path = BrandModel.swift; sourceTree = "<group>"; };
		47BB90FB26615D23001C112E /* BrandItemView.swift */ = {isa = PBXFileReference; lastKnownFileType = sourcecode.swift; path = BrandItemView.swift; sourceTree = "<group>"; };
		47BB90FE26615DEB001C112E /* BrandGridView.swift */ = {isa = PBXFileReference; lastKnownFileType = sourcecode.swift; path = BrandGridView.swift; sourceTree = "<group>"; };
		47BB910226615FFA001C112E /* ProductDetailView.swift */ = {isa = PBXFileReference; lastKnownFileType = sourcecode.swift; path = ProductDetailView.swift; sourceTree = "<group>"; };
		47BB91052661613D001C112E /* NavigationBarDetailView.swift */ = {isa = PBXFileReference; lastKnownFileType = sourcecode.swift; path = NavigationBarDetailView.swift; sourceTree = "<group>"; };
		47BB910826616247001C112E /* HeaderDetailView.swift */ = {isa = PBXFileReference; lastKnownFileType = sourcecode.swift; path = HeaderDetailView.swift; sourceTree = "<group>"; };
		47BB910B266162DA001C112E /* TopPartDetailView.swift */ = {isa = PBXFileReference; lastKnownFileType = sourcecode.swift; path = TopPartDetailView.swift; sourceTree = "<group>"; };
/* End PBXFileReference section */

/* Begin PBXFrameworksBuildPhase section */
		47BB909E265FE97A001C112E /* Frameworks */ = {
			isa = PBXFrameworksBuildPhase;
			buildActionMask = 2147483647;
			files = (
			);
			runOnlyForDeploymentPostprocessing = 0;
		};
/* End PBXFrameworksBuildPhase section */

/* Begin PBXGroup section */
		47BB9098265FE97A001C112E = {
			isa = PBXGroup;
			children = (
				47BB90A3265FE97A001C112E /* Touchdown */,
				47BB90A2265FE97A001C112E /* Products */,
			);
			sourceTree = "<group>";
		};
		47BB90A2265FE97A001C112E /* Products */ = {
			isa = PBXGroup;
			children = (
				47BB90A1265FE97A001C112E /* Touchdown.app */,
			);
			name = Products;
			sourceTree = "<group>";
		};
		47BB90A3265FE97A001C112E /* Touchdown */ = {
			isa = PBXGroup;
			children = (
				47BB90C026600B39001C112E /* App */,
				47BB90BD2660092F001C112E /* Data */,
				47BB90C626600B5E001C112E /* Extension */,
				47BB90C526600B57001C112E /* Model */,
				47BB90C726600B66001C112E /* Utility */,
				47BB90C226600B41001C112E /* View */,
				47BB90A8265FE97A001C112E /* Assets.xcassets */,
				47BB90AD265FE97A001C112E /* Info.plist */,
				47BB90AA265FE97A001C112E /* Preview Content */,
			);
			path = Touchdown;
			sourceTree = "<group>";
		};
		47BB90AA265FE97A001C112E /* Preview Content */ = {
			isa = PBXGroup;
			children = (
				47BB90AB265FE97A001C112E /* Preview Assets.xcassets */,
			);
			path = "Preview Content";
			sourceTree = "<group>";
		};
		47BB90BD2660092F001C112E /* Data */ = {
			isa = PBXGroup;
			children = (
				47BB90B72660090D001C112E /* brand.json */,
				47BB90B52660090D001C112E /* category.json */,
				47BB90B42660090D001C112E /* player.json */,
				47BB90B62660090D001C112E /* product.json */,
			);
			path = Data;
			sourceTree = "<group>";
		};
		47BB90C026600B39001C112E /* App */ = {
			isa = PBXGroup;
			children = (
				47BB90A4265FE97A001C112E /* TouchdownApp.swift */,
				47BB90A6265FE97A001C112E /* ContentView.swift */,
				47BB910226615FFA001C112E /* ProductDetailView.swift */,
			);
			path = App;
			sourceTree = "<group>";
		};
		47BB90C226600B41001C112E /* View */ = {
			isa = PBXGroup;
			children = (
				47BB90C426600B4C001C112E /* Detail */,
				47BB90C326600B47001C112E /* Home */,
			);
			path = View;
			sourceTree = "<group>";
		};
		47BB90C326600B47001C112E /* Home */ = {
			isa = PBXGroup;
			children = (
				47BB90CC26600D54001C112E /* FooterView.swift */,
				47BB90CF266010C1001C112E /* NavigationBarView.swift */,
				47BB90D22660162E001C112E /* LogoView.swift */,
				47BB90DB2660F8B0001C112E /* FeaturedItemView.swift */,
				47BB90DF2660F941001C112E /* FeaturedTabView.swift */,
				47BB90E626613416001C112E /* CategoryItemView.swift */,
				47BB90E92661494F001C112E /* CategoryGridView.swift */,
				47BB90EC26614B0F001C112E /* SectionView.swift */,
				47BB90EF266150C3001C112E /* TitleView.swift */,
				47BB90F526615267001C112E /* ProductItemView.swift */,
				47BB90FB26615D23001C112E /* BrandItemView.swift */,
				47BB90FE26615DEB001C112E /* BrandGridView.swift */,
			);
			path = Home;
			sourceTree = "<group>";
		};
		47BB90C426600B4C001C112E /* Detail */ = {
			isa = PBXGroup;
			children = (
				47BB91052661613D001C112E /* NavigationBarDetailView.swift */,
				47BB910826616247001C112E /* HeaderDetailView.swift */,
				47BB910B266162DA001C112E /* TopPartDetailView.swift */,
				4773E31326619380005DCC31 /* RatingsSizesDetailView.swift */,
			);
			path = Detail;
			sourceTree = "<group>";
		};
		47BB90C526600B57001C112E /* Model */ = {
			isa = PBXGroup;
			children = (
				47BB90D52660F6D1001C112E /* PlayerModel.swift */,
				47BB90E3266131CA001C112E /* CategoryModel.swift */,
				47BB90F2266151C6001C112E /* ProductModel.swift */,
				47BB90F826615CB7001C112E /* BrandModel.swift */,
			);
			path = Model;
			sourceTree = "<group>";
		};
		47BB90C626600B5E001C112E /* Extension */ = {
			isa = PBXGroup;
			children = (
				47BB90D82660F733001C112E /* CodableBundleExtension.swift */,
			);
			path = Extension;
			sourceTree = "<group>";
		};
		47BB90C726600B66001C112E /* Utility */ = {
			isa = PBXGroup;
			children = (
				47BB90C826600C07001C112E /* Constant.swift */,
				4773E3102661916F005DCC31 /* CustomShape.swift */,
			);
			path = Utility;
			sourceTree = "<group>";
		};
/* End PBXGroup section */

/* Begin PBXNativeTarget section */
		47BB90A0265FE97A001C112E /* Touchdown */ = {
			isa = PBXNativeTarget;
			buildConfigurationList = 47BB90B0265FE97A001C112E /* Build configuration list for PBXNativeTarget "Touchdown" */;
			buildPhases = (
				47BB909D265FE97A001C112E /* Sources */,
				47BB909E265FE97A001C112E /* Frameworks */,
				47BB909F265FE97A001C112E /* Resources */,
			);
			buildRules = (
			);
			dependencies = (
			);
			name = Touchdown;
			productName = Touchdown;
			productReference = 47BB90A1265FE97A001C112E /* Touchdown.app */;
			productType = "com.apple.product-type.application";
		};
/* End PBXNativeTarget section */

/* Begin PBXProject section */
		47BB9099265FE97A001C112E /* Project object */ = {
			isa = PBXProject;
			attributes = {
				LastSwiftUpdateCheck = 1240;
				LastUpgradeCheck = 1240;
				TargetAttributes = {
					47BB90A0265FE97A001C112E = {
						CreatedOnToolsVersion = 12.4;
					};
				};
			};
			buildConfigurationList = 47BB909C265FE97A001C112E /* Build configuration list for PBXProject "Touchdown" */;
			compatibilityVersion = "Xcode 9.3";
			developmentRegion = en;
			hasScannedForEncodings = 0;
			knownRegions = (
				en,
				Base,
			);
			mainGroup = 47BB9098265FE97A001C112E;
			productRefGroup = 47BB90A2265FE97A001C112E /* Products */;
			projectDirPath = "";
			projectRoot = "";
			targets = (
				47BB90A0265FE97A001C112E /* Touchdown */,
			);
		};
/* End PBXProject section */

/* Begin PBXResourcesBuildPhase section */
		47BB909F265FE97A001C112E /* Resources */ = {
			isa = PBXResourcesBuildPhase;
			buildActionMask = 2147483647;
			files = (
				47BB90B82660090D001C112E /* player.json in Resources */,
				47BB90AC265FE97A001C112E /* Preview Assets.xcassets in Resources */,
				47BB90A9265FE97A001C112E /* Assets.xcassets in Resources */,
				47BB90B92660090D001C112E /* category.json in Resources */,
				47BB90BA2660090D001C112E /* product.json in Resources */,
				47BB90BB2660090D001C112E /* brand.json in Resources */,
			);
			runOnlyForDeploymentPostprocessing = 0;
		};
/* End PBXResourcesBuildPhase section */

/* Begin PBXSourcesBuildPhase section */
		47BB909D265FE97A001C112E /* Sources */ = {
			isa = PBXSourcesBuildPhase;
			buildActionMask = 2147483647;
			files = (
				47BB90D92660F733001C112E /* CodableBundleExtension.swift in Sources */,
				47BB910926616247001C112E /* HeaderDetailView.swift in Sources */,
				47BB910C266162DA001C112E /* TopPartDetailView.swift in Sources */,
				47BB90A7265FE97A001C112E /* ContentView.swift in Sources */,
				47BB90D32660162E001C112E /* LogoView.swift in Sources */,
				47BB90CD26600D54001C112E /* FooterView.swift in Sources */,
				47BB90DC2660F8B0001C112E /* FeaturedItemView.swift in Sources */,
				47BB90F626615267001C112E /* ProductItemView.swift in Sources */,
				47BB90A5265FE97A001C112E /* TouchdownApp.swift in Sources */,
				4773E31426619380005DCC31 /* RatingsSizesDetailView.swift in Sources */,
				47BB90C926600C07001C112E /* Constant.swift in Sources */,
				47BB910326615FFA001C112E /* ProductDetailView.swift in Sources */,
				47BB91062661613D001C112E /* NavigationBarDetailView.swift in Sources */,
				47BB90EA2661494F001C112E /* CategoryGridView.swift in Sources */,
				47BB90E4266131CA001C112E /* CategoryModel.swift in Sources */,
				47BB90D0266010C1001C112E /* NavigationBarView.swift in Sources */,
				47BB90FF26615DEB001C112E /* BrandGridView.swift in Sources */,
				47BB90ED26614B0F001C112E /* SectionView.swift in Sources */,
				47BB90FC26615D23001C112E /* BrandItemView.swift in Sources */,
				47BB90E726613416001C112E /* CategoryItemView.swift in Sources */,
				47BB90E02660F941001C112E /* FeaturedTabView.swift in Sources */,
				4773E3112661916F005DCC31 /* CustomShape.swift in Sources */,
				47BB90D62660F6D1001C112E /* PlayerModel.swift in Sources */,
				47BB90F926615CB7001C112E /* BrandModel.swift in Sources */,
				47BB90F0266150C3001C112E /* TitleView.swift in Sources */,
				47BB90F3266151C6001C112E /* ProductModel.swift in Sources */,
			);
			runOnlyForDeploymentPostprocessing = 0;
		};
/* End PBXSourcesBuildPhase section */

/* Begin XCBuildConfiguration section */
		47BB90AE265FE97A001C112E /* Debug */ = {
			isa = XCBuildConfiguration;
			buildSettings = {
				ALWAYS_SEARCH_USER_PATHS = NO;
				CLANG_ANALYZER_NONNULL = YES;
				CLANG_ANALYZER_NUMBER_OBJECT_CONVERSION = YES_AGGRESSIVE;
				CLANG_CXX_LANGUAGE_STANDARD = "gnu++14";
				CLANG_CXX_LIBRARY = "libc++";
				CLANG_ENABLE_MODULES = YES;
				CLANG_ENABLE_OBJC_ARC = YES;
				CLANG_ENABLE_OBJC_WEAK = YES;
				CLANG_WARN_BLOCK_CAPTURE_AUTORELEASING = YES;
				CLANG_WARN_BOOL_CONVERSION = YES;
				CLANG_WARN_COMMA = YES;
				CLANG_WARN_CONSTANT_CONVERSION = YES;
				CLANG_WARN_DEPRECATED_OBJC_IMPLEMENTATIONS = YES;
				CLANG_WARN_DIRECT_OBJC_ISA_USAGE = YES_ERROR;
				CLANG_WARN_DOCUMENTATION_COMMENTS = YES;
				CLANG_WARN_EMPTY_BODY = YES;
				CLANG_WARN_ENUM_CONVERSION = YES;
				CLANG_WARN_INFINITE_RECURSION = YES;
				CLANG_WARN_INT_CONVERSION = YES;
				CLANG_WARN_NON_LITERAL_NULL_CONVERSION = YES;
				CLANG_WARN_OBJC_IMPLICIT_RETAIN_SELF = YES;
				CLANG_WARN_OBJC_LITERAL_CONVERSION = YES;
				CLANG_WARN_OBJC_ROOT_CLASS = YES_ERROR;
				CLANG_WARN_QUOTED_INCLUDE_IN_FRAMEWORK_HEADER = YES;
				CLANG_WARN_RANGE_LOOP_ANALYSIS = YES;
				CLANG_WARN_STRICT_PROTOTYPES = YES;
				CLANG_WARN_SUSPICIOUS_MOVE = YES;
				CLANG_WARN_UNGUARDED_AVAILABILITY = YES_AGGRESSIVE;
				CLANG_WARN_UNREACHABLE_CODE = YES;
				CLANG_WARN__DUPLICATE_METHOD_MATCH = YES;
				COPY_PHASE_STRIP = NO;
				DEBUG_INFORMATION_FORMAT = dwarf;
				ENABLE_STRICT_OBJC_MSGSEND = YES;
				ENABLE_TESTABILITY = YES;
				GCC_C_LANGUAGE_STANDARD = gnu11;
				GCC_DYNAMIC_NO_PIC = NO;
				GCC_NO_COMMON_BLOCKS = YES;
				GCC_OPTIMIZATION_LEVEL = 0;
				GCC_PREPROCESSOR_DEFINITIONS = (
					"DEBUG=1",
					"$(inherited)",
				);
				GCC_WARN_64_TO_32_BIT_CONVERSION = YES;
				GCC_WARN_ABOUT_RETURN_TYPE = YES_ERROR;
				GCC_WARN_UNDECLARED_SELECTOR = YES;
				GCC_WARN_UNINITIALIZED_AUTOS = YES_AGGRESSIVE;
				GCC_WARN_UNUSED_FUNCTION = YES;
				GCC_WARN_UNUSED_VARIABLE = YES;
				IPHONEOS_DEPLOYMENT_TARGET = 14.4;
				MTL_ENABLE_DEBUG_INFO = INCLUDE_SOURCE;
				MTL_FAST_MATH = YES;
				ONLY_ACTIVE_ARCH = YES;
				SDKROOT = iphoneos;
				SWIFT_ACTIVE_COMPILATION_CONDITIONS = DEBUG;
				SWIFT_OPTIMIZATION_LEVEL = "-Onone";
			};
			name = Debug;
		};
		47BB90AF265FE97A001C112E /* Release */ = {
			isa = XCBuildConfiguration;
			buildSettings = {
				ALWAYS_SEARCH_USER_PATHS = NO;
				CLANG_ANALYZER_NONNULL = YES;
				CLANG_ANALYZER_NUMBER_OBJECT_CONVERSION = YES_AGGRESSIVE;
				CLANG_CXX_LANGUAGE_STANDARD = "gnu++14";
				CLANG_CXX_LIBRARY = "libc++";
				CLANG_ENABLE_MODULES = YES;
				CLANG_ENABLE_OBJC_ARC = YES;
				CLANG_ENABLE_OBJC_WEAK = YES;
				CLANG_WARN_BLOCK_CAPTURE_AUTORELEASING = YES;
				CLANG_WARN_BOOL_CONVERSION = YES;
				CLANG_WARN_COMMA = YES;
				CLANG_WARN_CONSTANT_CONVERSION = YES;
				CLANG_WARN_DEPRECATED_OBJC_IMPLEMENTATIONS = YES;
				CLANG_WARN_DIRECT_OBJC_ISA_USAGE = YES_ERROR;
				CLANG_WARN_DOCUMENTATION_COMMENTS = YES;
				CLANG_WARN_EMPTY_BODY = YES;
				CLANG_WARN_ENUM_CONVERSION = YES;
				CLANG_WARN_INFINITE_RECURSION = YES;
				CLANG_WARN_INT_CONVERSION = YES;
				CLANG_WARN_NON_LITERAL_NULL_CONVERSION = YES;
				CLANG_WARN_OBJC_IMPLICIT_RETAIN_SELF = YES;
				CLANG_WARN_OBJC_LITERAL_CONVERSION = YES;
				CLANG_WARN_OBJC_ROOT_CLASS = YES_ERROR;
				CLANG_WARN_QUOTED_INCLUDE_IN_FRAMEWORK_HEADER = YES;
				CLANG_WARN_RANGE_LOOP_ANALYSIS = YES;
				CLANG_WARN_STRICT_PROTOTYPES = YES;
				CLANG_WARN_SUSPICIOUS_MOVE = YES;
				CLANG_WARN_UNGUARDED_AVAILABILITY = YES_AGGRESSIVE;
				CLANG_WARN_UNREACHABLE_CODE = YES;
				CLANG_WARN__DUPLICATE_METHOD_MATCH = YES;
				COPY_PHASE_STRIP = NO;
				DEBUG_INFORMATION_FORMAT = "dwarf-with-dsym";
				ENABLE_NS_ASSERTIONS = NO;
				ENABLE_STRICT_OBJC_MSGSEND = YES;
				GCC_C_LANGUAGE_STANDARD = gnu11;
				GCC_NO_COMMON_BLOCKS = YES;
				GCC_WARN_64_TO_32_BIT_CONVERSION = YES;
				GCC_WARN_ABOUT_RETURN_TYPE = YES_ERROR;
				GCC_WARN_UNDECLARED_SELECTOR = YES;
				GCC_WARN_UNINITIALIZED_AUTOS = YES_AGGRESSIVE;
				GCC_WARN_UNUSED_FUNCTION = YES;
				GCC_WARN_UNUSED_VARIABLE = YES;
				IPHONEOS_DEPLOYMENT_TARGET = 14.4;
				MTL_ENABLE_DEBUG_INFO = NO;
				MTL_FAST_MATH = YES;
				SDKROOT = iphoneos;
				SWIFT_COMPILATION_MODE = wholemodule;
				SWIFT_OPTIMIZATION_LEVEL = "-O";
				VALIDATE_PRODUCT = YES;
			};
			name = Release;
		};
		47BB90B1265FE97A001C112E /* Debug */ = {
			isa = XCBuildConfiguration;
			buildSettings = {
				ASSETCATALOG_COMPILER_APPICON_NAME = AppIcon;
				ASSETCATALOG_COMPILER_GLOBAL_ACCENT_COLOR_NAME = AccentColor;
				CODE_SIGN_STYLE = Automatic;
				DEVELOPMENT_ASSET_PATHS = "\"Touchdown/Preview Content\"";
				DEVELOPMENT_TEAM = 9832ZGLTVT;
				ENABLE_PREVIEWS = YES;
				INFOPLIST_FILE = Touchdown/Info.plist;
				IPHONEOS_DEPLOYMENT_TARGET = 14.0;
				LD_RUNPATH_SEARCH_PATHS = (
					"$(inherited)",
					"@executable_path/Frameworks",
				);
				PRODUCT_BUNDLE_IDENTIFIER = io.github.baptistemcn.Touchdown;
				PRODUCT_NAME = "$(TARGET_NAME)";
				SWIFT_VERSION = 5.0;
				TARGETED_DEVICE_FAMILY = "1,2";
			};
			name = Debug;
		};
		47BB90B2265FE97A001C112E /* Release */ = {
			isa = XCBuildConfiguration;
			buildSettings = {
				ASSETCATALOG_COMPILER_APPICON_NAME = AppIcon;
				ASSETCATALOG_COMPILER_GLOBAL_ACCENT_COLOR_NAME = AccentColor;
				CODE_SIGN_STYLE = Automatic;
				DEVELOPMENT_ASSET_PATHS = "\"Touchdown/Preview Content\"";
				DEVELOPMENT_TEAM = 9832ZGLTVT;
				ENABLE_PREVIEWS = YES;
				INFOPLIST_FILE = Touchdown/Info.plist;
				IPHONEOS_DEPLOYMENT_TARGET = 14.0;
				LD_RUNPATH_SEARCH_PATHS = (
					"$(inherited)",
					"@executable_path/Frameworks",
				);
				PRODUCT_BUNDLE_IDENTIFIER = io.github.baptistemcn.Touchdown;
				PRODUCT_NAME = "$(TARGET_NAME)";
				SWIFT_VERSION = 5.0;
				TARGETED_DEVICE_FAMILY = "1,2";
			};
			name = Release;
		};
/* End XCBuildConfiguration section */

/* Begin XCConfigurationList section */
		47BB909C265FE97A001C112E /* Build configuration list for PBXProject "Touchdown" */ = {
			isa = XCConfigurationList;
			buildConfigurations = (
				47BB90AE265FE97A001C112E /* Debug */,
				47BB90AF265FE97A001C112E /* Release */,
			);
			defaultConfigurationIsVisible = 0;
			defaultConfigurationName = Release;
		};
		47BB90B0265FE97A001C112E /* Build configuration list for PBXNativeTarget "Touchdown" */ = {
			isa = XCConfigurationList;
			buildConfigurations = (
				47BB90B1265FE97A001C112E /* Debug */,
				47BB90B2265FE97A001C112E /* Release */,
			);
			defaultConfigurationIsVisible = 0;
			defaultConfigurationName = Release;
		};
/* End XCConfigurationList section */
	};
	rootObject = 47BB9099265FE97A001C112E /* Project object */;
}
